lockfileVersion: '6.0'

settings:
  autoInstallPeers: true
  excludeLinksFromLockfile: false

dependencies:
  '@radix-ui/react-dialog':
    specifier: 1.1.4
    version: 1.1.4(@types/react-dom@19.0.2)(@types/react@19.0.2)(react-dom@19.1.1)(react@19.1.1)
  '@radix-ui/react-label':
    specifier: 2.1.1
    version: 2.1.1(@types/react-dom@19.0.2)(@types/react@19.0.2)(react-dom@19.1.1)(react@19.1.1)
  '@radix-ui/react-popover':
    specifier: 1.1.4
    version: 1.1.4(@types/react-dom@19.0.2)(@types/react@19.0.2)(react-dom@19.1.1)(react@19.1.1)
  '@radix-ui/react-select':
    specifier: 2.1.4
    version: 2.1.4(@types/react-dom@19.0.2)(@types/react@19.0.2)(react-dom@19.1.1)(react@19.1.1)
  '@radix-ui/react-separator':
    specifier: 1.1.1
    version: 1.1.1(@types/react-dom@19.0.2)(@types/react@19.0.2)(react-dom@19.1.1)(react@19.1.1)
  '@radix-ui/react-slot':
    specifier: 1.1.0
    version: 1.1.0(@types/react@19.0.2)(react@19.1.1)
  '@radix-ui/react-tabs':
    specifier: 1.1.2
    version: 1.1.2(@types/react-dom@19.0.2)(@types/react@19.0.2)(react-dom@19.1.1)(react@19.1.1)
  '@radix-ui/react-toast':
    specifier: 1.2.2
    version: 1.2.2(@types/react-dom@19.0.2)(@types/react@19.0.2)(react-dom@19.1.1)(react@19.1.1)
  class-variance-authority:
    specifier: ^0.7.1
    version: 0.7.1
  clsx:
    specifier: ^2.1.1
    version: 2.1.1
  lucide-react:
    specifier: ^0.454.0
    version: 0.454.0(react@19.1.1)
  next:
    specifier: 15.2.4
    version: 15.2.4(@babel/core@7.28.3)(react-dom@19.1.1)(react@19.1.1)
  react:
    specifier: ^19
    version: 19.1.1
  react-dom:
    specifier: ^19
    version: 19.1.1(react@19.1.1)
  tailwind-merge:
    specifier: ^2.5.5
    version: 2.5.5
  tailwindcss-animate:
    specifier: ^1.0.7
    version: 1.0.7

devDependencies:
  '@types/node':
    specifier: ^22
    version: 22.10.2
  '@types/react':
    specifier: ^19
    version: 19.0.2
  '@types/react-dom':
    specifier: ^19
    version: 19.0.2
  postcss:
    specifier: ^8.5
    version: 8.5.1
  tailwindcss:
    specifier: ^3.4.17
    version: 3.4.17
  typescript:
    specifier: ^5
    version: 5.7.2

packages:

  /@babel/core@7.28.3:
    resolution: {integrity: sha512-7+Ey1mAgYqFAx2h0RuoxcQT5+MlG3GTV0TQrgr7/ZliKsm/MNDxVVutlWaziMq7wJNAz8MTqz55XLpWvva6StA==}
    engines: {node: '>=6.9.0'}
    dev: false

  /@radix-ui/react-dialog@1.1.4:
    resolution: {integrity: sha512-jCi/QKUM2r1Ju5a3J64TH2A5SpKAgh0LpknyqdQ4m6DCV0xJ2HG1xARRwNGPQfi1SLdLWZ1OJz6F4OMBBNiGJA==}
    peerDependencies:
      '@types/react': '*'
      '@types/react-dom': '*'
      react: ^16.8 || ^17.0 || ^18.0 || ^19.0
      react-dom: ^16.8 || ^17.0 || ^18.0 || ^19.0
    dev: false

  /class-variance-authority@0.7.1:
    resolution: {integrity: sha512-Ka+9Trutv7G8M6WT6SeiRWz792K5qEqIGEGzXKhAE6xOWAY6pPH8U+9IY3oCMv6kqKlMlvLUqXTCiKXOmXr0nQ==}
    dev: false

  /clsx@2.1.1:
    resolution: {integrity: sha512-eYm0QWBtUrBWZWG0d386OGAw16Z995PiOVo2B7bjWSbHedGl5e0ZWaq65kOGgUSNesEIDkB9ISbTg/JK9dhCZA==}
    engines: {node: '>=6'}
    dev: false

  /lucide-react@0.454.0:
    resolution: {integrity: sha512-YiTQz8+0xCCIV78jOyCbOiyiPY9FuYyEJj7j4Pjx0ESxJJf9KjJUL8gWIBEOUOhMJZQvmw7pYhyGUhQG2OLSdA==}
    peerDependencies:
      react: ^16.5.1 || ^17.0.0 || ^18.0.0 || ^19.0.0
    dev: false

  /next@15.2.4:
    resolution: {integrity: sha512-HFN6GKUcrTWvem8AZN7tT95zPb0GUGv9v0d0iyuTb303vbXkkbHDp/DxufB04jNVD+IN9yHy7y/6Mqq0h0YVaQ==}
    engines: {node: ^18.17.0 || ^20.3.0 || >=21.0.0}
    hasBin: true
    peerDependencies:
      '@opentelemetry/api': ^1.1.0
      '@playwright/test': ^1.41.2
      react: ^18.2.0 || 19.0.0-rc-66855b96-20241106
      react-dom: ^18.2.0 || 19.0.0-rc-66855b96-20241106
    dev: false

  /react@19.1.1:
    resolution: {integrity: sha512-YiTQz8+0xCCIV78jOyCbOiyiPY9FuYyEJj7j4Pjx0ESxJJf9KjJUL8gWIBEOUOhMJZQvmw7pYhyGUhQG2OLSdA==}
    engines: {node: '>=0.10.0'}
    dev: false

  /react-dom@19.1.1:
    resolution: {integrity: sha512-YiTQz8+0xCCIV78jOyCbOiyiPY9FuYyEJj7j4Pjx0ESxJJf9KjJUL8gWIBEOUOhMJZQvmw7pYhyGUhQG2OLSdA==}
    peerDependencies:
      react: ^19.1.1
    dev: false

  /tailwind-merge@2.5.5:
    resolution: {integrity: sha512-0LXunzzAZzo0tEPxV3I297ffKZPlKDrjj8nNqamO8mfvdWbS4LlKw/aAyAUkKT1T2nKvPKJ0dHHC+PeEt5G/Ew==}
    dev: false

  /tailwindcss-animate@1.0.7:
    resolution: {integrity: sha512-bl6mpH3T7I3UFxuvDEXLxy/VuFxBk5bbzplh7tXI68mwMokNYd1t9qPBHlnyTwfa4JGC4zP516I1hYYtQ/vspA==}
    peerDependencies:
      tailwindcss: '>=3.0.0 || insiders'
    dev: false

  /@types/node@22.10.2:
    resolution: {integrity: sha512-Xxr6BBRCAOQixvonOye19wnzyDiUtTeqldOOmj3CkeblonbccA12PFwlufvRdrpjXxqnmUaeiU5EOA+7s5diUQ==}
    dev: true

  /@types/react@19.0.2:
    resolution: {integrity: sha512-Hl0lZRDHOd0L+jPPp0ZNLcqAE0CjVp0g8A+3EQN7hZm5+PzOOPPT0jNRzz8XkEbJi0r7VfTe/bz0Vf0Gw0LNHA==}
    dev: true

  /@types/react-dom@19.0.2:
    resolution: {integrity: sha512-c2UnPv548q+5DFh+Z7zNT0ykAX7E+Jw/R3+Pcv3/Q4KGrPHC4J2MvLtEn2lDCqcybWvQg/T8rKJ0Wn1Qf0wOQ==}
    dev: true

  /postcss@8.5.1:
    resolution: {integrity: sha512-slODzRyFitoKAJtCZ/XTVNwOqliHXK62OzGjyQH+ccWnmJomZIFqOSwIqhE2Wn+3zTTFan0wgZpnOI3BHcBskg==}
    engines: {node: ^10 || ^12 || >=14}
    dev: true

  /tailwindcss@3.4.17:
    resolution: {integrity: sha512-w+9NZfBQS7MtRq3w9CqyKYDFl+ckOmgKb0pXdNVVf8/fyLdXg/tpJqrp4JdXdJbDzMcT7xJlsYbFvFY3nkWYTw==}
    engines: {node: '>=14.0.0'}
    hasBin: true
    dev: true

  /typescript@5.7.2:
    resolution: {integrity: sha512-i5t66RHxDvVN40HfDd1PsEThGNnlMCMT3jMUuoh9/0TaqWevNontacunWyN02LA9/fIbEWlcHZcgTKb9QoaLfg==}
    engines: {node: '>=14.17'}
    hasBin: true
    dev: true